<?xml version="1.0" encoding="utf-8"?>
<Project ToolsVersion="4.0" xmlns="http://schemas.microsoft.com/developer/msbuild/2003">
  <ItemGroup>
    <Filter Include="Source Files">
      <UniqueIdentifier>{4FC737F1-C7A5-4376-A066-2A32D752A2FF}</UniqueIdentifier>
      <Extensions>cpp;c;cc;cxx;c++;cppm;ixx;def;odl;idl;hpj;bat;asm;asmx</Extensions>
    </Filter>
    <Filter Include="Header Files">
      <UniqueIdentifier>{93995380-89BD-4b04-88EB-625FBE52EBFB}</UniqueIdentifier>
      <Extensions>h;hh;hpp;hxx;h++;hm;inl;inc;ipp;xsd</Extensions>
    </Filter>
    <Filter Include="Resource Files">
      <UniqueIdentifier>{67DA6AB6-F800-4c08-8B7A-83BB121AAD01}</UniqueIdentifier>
      <Extensions>rc;ico;cur;bmp;dlg;rc2;rct;bin;rgs;gif;jpg;jpeg;jpe;resx;tiff;tif;png;wav;mfcribbon-ms</Extensions>
    </Filter>
    <Filter Include="Source Files\Colliders">
      <UniqueIdentifier>{d4d8ba4a-78d8-4c20-8d72-942c644b17c5}</UniqueIdentifier>
    </Filter>
    <Filter Include="Source Files\Player">
      <UniqueIdentifier>{448454f9-6d3d-49a6-9725-5fcde7b365bb}</UniqueIdentifier>
    </Filter>
    <Filter Include="Header Files\Colliders">
      <UniqueIdentifier>{dbd06a23-ac05-409e-b0f6-6164eb83fbd2}</UniqueIdentifier>
    </Filter>
    <Filter Include="Header Files\Player">
      <UniqueIdentifier>{be051f93-53ee-4dea-8092-d6b32af5eca8}</UniqueIdentifier>
    </Filter>
    <Filter Include="Source Files\UI">
      <UniqueIdentifier>{1351f928-9cba-4000-980a-885f50b430ae}</UniqueIdentifier>
    </Filter>
    <Filter Include="Header Files\UI">
      <UniqueIdentifier>{3bd6ca23-4278-48fe-9e65-2dd39f7cdefb}</UniqueIdentifier>
    </Filter>
    <Filter Include="Source Files\States">
      <UniqueIdentifier>{7a4ab0b8-9c00-466a-8c8b-99820edcce47}</UniqueIdentifier>
    </Filter>
    <Filter Include="Header Files\States">
      <UniqueIdentifier>{0afea81f-91e8-4bea-b240-5c4dd9695c7b}</UniqueIdentifier>
    </Filter>
  </ItemGroup>
  <ItemGroup>
    <ClCompile Include="main.cpp">
      <Filter>Source Files</Filter>
    </ClCompile>
    <ClCompile Include="pipe.cpp">
      <Filter>Source Files</Filter>
    </ClCompile>
    <ClCompile Include="player.cpp">
      <Filter>Source Files\Player</Filter>
    </ClCompile>
    <ClCompile Include="playerInput.cpp">
      <Filter>Source Files\Player</Filter>
    </ClCompile>
    <ClCompile Include="circleCollider.cpp">
      <Filter>Source Files\Colliders</Filter>
    </ClCompile>
    <ClCompile Include="rectangleCollider.cpp">
      <Filter>Source Files\Colliders</Filter>
    </ClCompile>
    <ClCompile Include="scoreHandler.cpp">
      <Filter>Source Files</Filter>
    </ClCompile>
    <ClCompile Include="pipeEntity.cpp">
      <Filter>Source Files</Filter>
    </ClCompile>
    <ClCompile Include="Randomizer.cpp">
      <Filter>Source Files</Filter>
    </ClCompile>
    <ClCompile Include="Button.cpp">
      <Filter>Source Files\UI</Filter>
    </ClCompile>
    <ClCompile Include="Text.cpp">
      <Filter>Source Files\UI</Filter>
    </ClCompile>
    <ClCompile Include="MenuState.cpp">
      <Filter>Source Files\States</Filter>
    </ClCompile>
    <ClCompile Include="StateMachine.cpp">
      <Filter>Source Files\States</Filter>
    </ClCompile>
    <ClCompile Include="state.cpp">
      <Filter>Source Files\States</Filter>
    </ClCompile>
    <ClCompile Include="gameplayState.cpp">
      <Filter>Source Files\States</Filter>
    </ClCompile>
    <ClCompile Include="GameStatescpp.cpp">
      <Filter>Source Files\States</Filter>
    </ClCompile>
    <ClCompile Include="GameoverState.cpp">
      <Filter>Source Files\States</Filter>
    </ClCompile>
  </ItemGroup>
  <ItemGroup>
    <ClInclude Include="pipe.h">
      <Filter>Header Files</Filter>
    </ClInclude>
    <ClInclude Include="circleCollider.h">
      <Filter>Header Files\Colliders</Filter>
    </ClInclude>
    <ClInclude Include="rectangleCollider.h">
      <Filter>Header Files\Colliders</Filter>
    </ClInclude>
    <ClInclude Include="player.h">
      <Filter>Header Files\Player</Filter>
    </ClInclude>
    <ClInclude Include="playerInput.h">
      <Filter>Header Files\Player</Filter>
    </ClInclude>
    <ClInclude Include="scoreHandler.h">
      <Filter>Header Files</Filter>
    </ClInclude>
    <ClInclude Include="pipeEntity.h">
      <Filter>Header Files</Filter>
    </ClInclude>
    <ClInclude Include="Randomizer.h">
      <Filter>Header Files</Filter>
    </ClInclude>
    <ClInclude Include="Button.h">
      <Filter>Header Files\UI</Filter>
    </ClInclude>
    <ClInclude Include="Text.h">
      <Filter>Header Files\UI</Filter>
    </ClInclude>
    <ClInclude Include="StateMachine.h">
      <Filter>Header Files\States</Filter>
    </ClInclude>
    <ClInclude Include="state.h">
      <Filter>Header Files\States</Filter>
    </ClInclude>
    <ClInclude Include="gameplayState.h">
      <Filter>Header Files\States</Filter>
    </ClInclude>
    <ClInclude Include="MenuState.h">
      <Filter>Header Files\States</Filter>
    </ClInclude>
    <ClInclude Include="GameoverState.h">
      <Filter>Header Files\States</Filter>
    </ClInclude>
  </ItemGroup>
  <ItemGroup>
    <Text Include="score.txt" />
  </ItemGroup>
</Project>